# THIS IS AN AUTOGENERATED FILE. DO NOT EDIT THIS FILE DIRECTLY.
# yarn lockfile v1


"@types/js-cookie@^2.0.27":
  version "2.0.28"
  resolved "https://registry.yarnpkg.com/@types/js-cookie/-/js-cookie-2.0.28.tgz#d6a9136d699257970fc74d899cd7b12a608d14da"

js-cookie@^2.1.3:
  version "2.1.3"
  resolved "https://registry.yarnpkg.com/js-cookie/-/js-cookie-2.1.3.tgz#48071625217ac9ecfab8c343a13d42ec09ff0526"

typescript@^2.1.0-dev.20160913:
  version "2.2.1"
  resolved "https://registry.yarnpkg.com/typescript/-/typescript-2.2.1.tgz#4862b662b988a4c8ff691cc7969622d24db76ae9"
